// !$*UTF8*$!
{
	archiveVersion = 1;
	classes = {
	};
	objectVersion = 46;
	objects = {

/* Begin PBXBuildFile section */
		7DBC21BA14D5E855009D8576 /* UIKit.framework in Frameworks */ = {isa = PBXBuildFile; fileRef = 7DBC21B914D5E855009D8576 /* UIKit.framework */; };
		7DBC21BC14D5E855009D8576 /* Foundation.framework in Frameworks */ = {isa = PBXBuildFile; fileRef = 7DBC21BB14D5E855009D8576 /* Foundation.framework */; };
		7DBC21BE14D5E855009D8576 /* CoreGraphics.framework in Frameworks */ = {isa = PBXBuildFile; fileRef = 7DBC21BD14D5E855009D8576 /* CoreGraphics.framework */; };
		7DBC21C414D5E855009D8576 /* InfoPlist.strings in Resources */ = {isa = PBXBuildFile; fileRef = 7DBC21C214D5E855009D8576 /* InfoPlist.strings */; };
		7DBC21C614D5E855009D8576 /* main.m in Sources */ = {isa = PBXBuildFile; fileRef = 7DBC21C514D5E855009D8576 /* main.m */; };
		7DBC21CA14D5E855009D8576 /* MackathonAppDelegate.m in Sources */ = {isa = PBXBuildFile; fileRef = 7DBC21C914D5E855009D8576 /* MackathonAppDelegate.m */; };
/* End PBXBuildFile section */

/* Begin PBXFileReference section */
		7DBC21B514D5E855009D8576 /* Mackathon.app */ = {isa = PBXFileReference; explicitFileType = wrapper.application; includeInIndex = 0; path = Mackathon.app; sourceTree = BUILT_PRODUCTS_DIR; };
		7DBC21B914D5E855009D8576 /* UIKit.framework */ = {isa = PBXFileReference; lastKnownFileType = wrapper.framework; name = UIKit.framework; path = System/Library/Frameworks/UIKit.framework; sourceTree = SDKROOT; };
		7DBC21BB14D5E855009D8576 /* Foundation.framework */ = {isa = PBXFileReference; lastKnownFileType = wrapper.framework; name = Foundation.framework; path = System/Library/Frameworks/Foundation.framework; sourceTree = SDKROOT; };
		7DBC21BD14D5E855009D8576 /* CoreGraphics.framework */ = {isa = PBXFileReference; lastKnownFileType = wrapper.framework; name = CoreGraphics.framework; path = System/Library/Frameworks/CoreGraphics.framework; sourceTree = SDKROOT; };
		7DBC21C114D5E855009D8576 /* Mackathon-Info.plist */ = {isa = PBXFileReference; path = "Mackathon-Info.plist"; sourceTree = "<group>"; };
		7DBC21C314D5E855009D8576 /* en */ = {isa = PBXFileReference; lastKnownFileType = text.plist.strings; name = en; path = en.lproj/InfoPlist.strings; sourceTree = "<group>"; };
		7DBC21C514D5E855009D8576 /* main.m */ = {isa = PBXFileReference; lastKnownFileType = sourcecode.c.objc; path = main.m; sourceTree = "<group>"; };
		7DBC21C714D5E855009D8576 /* Mackathon-Prefix.pch */ = {isa = PBXFileReference; path = "Mackathon-Prefix.pch"; sourceTree = "<group>"; };
		7DBC21C814D5E855009D8576 /* MackathonAppDelegate.h */ = {isa = PBXFileReference; path = MackathonAppDelegate.h; sourceTree = "<group>"; };
		7DBC21C914D5E855009D8576 /* MackathonAppDelegate.m */ = {isa = PBXFileReference; lastKnownFileType = sourcecode.c.objc; path = MackathonAppDelegate.m; sourceTree = "<group>"; };
/* End PBXFileReference section */

/* Begin PBXFrameworksBuildPhase section */
		7DBC21B214D5E855009D8576 /* Frameworks */ = {
			isa = PBXFrameworksBuildPhase;
			buildActionMask = 2147483647;
			files = (
				7DBC21BA14D5E855009D8576 /* UIKit.framework in Frameworks */,
				7DBC21BC14D5E855009D8576 /* Foundation.framework in Frameworks */,
				7DBC21BE14D5E855009D8576 /* CoreGraphics.framework in Frameworks */,
			);
			runOnlyForDeploymentPostprocessing = 0;
		};
/* End PBXFrameworksBuildPhase section */

/* Begin PBXGroup section */
		7DBC21AA14D5E854009D8576 = {
			isa = PBXGroup;
			children = (
				7DBC21BF14D5E855009D8576 /* Mackathon */,
				7DBC21B814D5E855009D8576 /* Frameworks */,
				7DBC21B614D5E855009D8576 /* Products */,
			);
			sourceTree = "<group>";
		};
		7DBC21B614D5E855009D8576 /* Products */ = {
			isa = PBXGroup;
			children = (
				7DBC21B514D5E855009D8576 /* Mackathon.app */,
			);
			name = Products;
			sourceTree = "<group>";
		};
		7DBC21B814D5E855009D8576 /* Frameworks */ = {
			isa = PBXGroup;
			children = (
				7DBC21B914D5E855009D8576 /* UIKit.framework */,
				7DBC21BB14D5E855009D8576 /* Foundation.framework */,
				7DBC21BD14D5E855009D8576 /* CoreGraphics.framework */,
			);
			name = Frameworks;
			sourceTree = "<group>";
		};
		7DBC21BF14D5E855009D8576 /* Mackathon */ = {
			isa = PBXGroup;
			children = (
				7DBC21C814D5E855009D8576 /* MackathonAppDelegate.h */,
				7DBC21C914D5E855009D8576 /* MackathonAppDelegate.m */,
				7DBC21C014D5E855009D8576 /* Supporting Files */,
			);
			path = Mackathon;
			sourceTree = "<group>";
		};
		7DBC21C014D5E855009D8576 /* Supporting Files */ = {
			isa = PBXGroup;
			children = (
				7DBC21C114D5E855009D8576 /* Mackathon-Info.plist */,
				7DBC21C214D5E855009D8576 /* InfoPlist.strings */,
				7DBC21C514D5E855009D8576 /* main.m */,
				7DBC21C714D5E855009D8576 /* Mackathon-Prefix.pch */,
			);
			name = "Supporting Files";
			sourceTree = "<group>";
		};
/* End PBXGroup section */

/* Begin PBXNativeTarget section */
		7DBC21B414D5E855009D8576 /* Mackathon */ = {
			isa = PBXNativeTarget;
			buildConfigurationList = 7DBC21CD14D5E855009D8576 /* Build configuration list for PBXNativeTarget "Mackathon" */;
			buildPhases = (
				7DBC21B114D5E855009D8576 /* Sources */,
				7DBC21B214D5E855009D8576 /* Frameworks */,
				7DBC21B314D5E855009D8576 /* Resources */,
			);
			buildRules = (
			);
			dependencies = (
			);
			name = Mackathon;
			productName = Mackathon;
			productReference = 7DBC21B514D5E855009D8576 /* Mackathon.app */;
			productType = "com.apple.product-type.application";
		};
/* End PBXNativeTarget section */

/* Begin PBXProject section */
		7DBC21AC14D5E854009D8576 /* Project object */ = {
			isa = PBXProject;
			attributes = {
				LastUpgradeCheck = 0420;
			};
			buildConfigurationList = 7DBC21AF14D5E854009D8576 /* Build configuration list for PBXProject "Mackathon" */;
			compatibilityVersion = "Xcode 3.2";
			developmentRegion = English;
			hasScannedForEncodings = 0;
			knownRegions = (
				en,
			);
			mainGroup = 7DBC21AA14D5E854009D8576;
			productRefGroup = 7DBC21B614D5E855009D8576 /* Products */;
			projectDirPath = "";
			projectRoot = "";
			targets = (
				7DBC21B414D5E855009D8576 /* Mackathon */,
			);
		};
/* End PBXProject section */

/* Begin PBXResourcesBuildPhase section */
		7DBC21B314D5E855009D8576 /* Resources */ = {
			isa = PBXResourcesBuildPhase;
			buildActionMask = 2147483647;
			files = (
				7DBC21C414D5E855009D8576 /* InfoPlist.strings in Resources */,
			);
			runOnlyForDeploymentPostprocessing = 0;
		};
/* End PBXResourcesBuildPhase section */

/* Begin PBXSourcesBuildPhase section */
		7DBC21B114D5E855009D8576 /* Sources */ = {
			isa = PBXSourcesBuildPhase;
			buildActionMask = 2147483647;
			files = (
				7DBC21C614D5E855009D8576 /* main.m in Sources */,
				7DBC21CA14D5E855009D8576 /* MackathonAppDelegate.m in Sources */,
			);
			runOnlyForDeploymentPostprocessing = 0;
		};
/* End PBXSourcesBuildPhase section */

/* Begin PBXVariantGroup section */
		7DBC21C214D5E855009D8576 /* InfoPlist.strings */ = {
			isa = PBXVariantGroup;
			children = (
				7DBC21C314D5E855009D8576 /* en */,
			);
			name = InfoPlist.strings;
			sourceTree = "<group>";
		};
/* End PBXVariantGroup section */

/* Begin XCBuildConfiguration section */
		7DBC21CB14D5E855009D8576 /* Debug */ = {
			isa = XCBuildConfiguration;
			buildSettings = {
				ALWAYS_SEARCH_USER_PATHS = NO;
				ARCHS = "$(ARCHS_STANDARD_32_BIT)";
				CLANG_ENABLE_OBJC_ARC = YES;
				"CODE_SIGN_IDENTITY[sdk=iphoneos*]" = "iPhone Developer";
				COPY_PHASE_STRIP = NO;
				GCC_C_LANGUAGE_STANDARD = gnu99;
				GCC_DYNAMIC_NO_PIC = NO;
				GCC_OPTIMIZATION_LEVEL = 0;
				GCC_PREPROCESSOR_DEFINITIONS = (
					"DEBUG=1",
					"$(inherited)",
				);
				GCC_SYMBOLS_PRIVATE_EXTERN = NO;
				GCC_VERSION = com.apple.compilers.llvm.clang.1_0;
				GCC_WARN_ABOUT_MISSING_PROTOTYPES = YES;
				GCC_WARN_ABOUT_RETURN_TYPE = YES;
				GCC_WARN_UNUSED_VARIABLE = YES;
				IPHONEOS_DEPLOYMENT_TARGET = 5.0;
				SDKROOT = iphoneos;
			};
			name = Debug;
		};
		7DBC21CC14D5E855009D8576 /* Release */ = {
			isa = XCBuildConfiguration;
			buildSettings = {
				ALWAYS_SEARCH_USER_PATHS = NO;
				ARCHS = "$(ARCHS_STANDARD_32_BIT)";
				CLANG_ENABLE_OBJC_ARC = YES;
				"CODE_SIGN_IDENTITY[sdk=iphoneos*]" = "iPhone Developer";
				COPY_PHASE_STRIP = YES;
				GCC_C_LANGUAGE_STANDARD = gnu99;
				GCC_VERSION = com.apple.compilers.llvm.clang.1_0;
				GCC_WARN_ABOUT_MISSING_PROTOTYPES = YES;
				GCC_WARN_ABOUT_RETURN_TYPE = YES;
				GCC_WARN_UNUSED_VARIABLE = YES;
				IPHONEOS_DEPLOYMENT_TARGET = 5.0;
				OTHER_CFLAGS = "-DNS_BLOCK_ASSERTIONS=1";
				SDKROOT = iphoneos;
				VALIDATE_PRODUCT = YES;
			};
			name = Release;
		};
		7DBC21CE14D5E855009D8576 /* Debug */ = {
			isa = XCBuildConfiguration;
			buildSettings = {
				GCC_PRECOMPILE_PREFIX_HEADER = YES;
				GCC_PREFIX_HEADER = "Mackathon/Mackathon-Prefix.pch";
				INFOPLIST_FILE = "Mackathon/Mackathon-Info.plist";
				PRODUCT_NAME = "$(TARGET_NAME)";
				WRAPPER_EXTENSION = app;
			};
			name = Debug;
		};
		7DBC21CF14D5E855009D8576 /* Release */ = {
			isa = XCBuildConfiguration;
			buildSettings = {
				GCC_PRECOMPILE_PREFIX_HEADER = YES;
				GCC_PREFIX_HEADER = "Mackathon/Mackathon-Prefix.pch";
				INFOPLIST_FILE = "Mackathon/Mackathon-Info.plist";
				PRODUCT_NAME = "$(TARGET_NAME)";
				WRAPPER_EXTENSION = app;
			};
			name = Release;
		};
/* End XCBuildConfiguration section */

/* Begin XCConfigurationList section */
		7DBC21AF14D5E854009D8576 /* Build configuration list for PBXProject "Mackathon" */ = {
			isa = XCConfigurationList;
			buildConfigurations = (
				7DBC21CB14D5E855009D8576 /* Debug */,
				7DBC21CC14D5E855009D8576 /* Release */,
			);
			defaultConfigurationIsVisible = 0;
			defaultConfigurationName = Release;
		};
		7DBC21CD14D5E855009D8576 /* Build configuration list for PBXNativeTarget "Mackathon" */ = {
			isa = XCConfigurationList;
			buildConfigurations = (
				7DBC21CE14D5E855009D8576 /* Debug */,
				7DBC21CF14D5E855009D8576 /* Release */,
			);
			defaultConfigurationIsVisible = 0;
		};
/* End XCConfigurationList section */
	};
	rootObject = 7DBC21AC14D5E854009D8576 /* Project object */;
}
